
Microsoft Visual Studio Solution File, Format Version 12.00
# Visual Studio Version 17
VisualStudioVersion = 17.4.33213.308
MinimumVisualStudioVersion = 10.0.40219.1
Project("{FAE04EC0-301F-11D3-BF4B-00C04F79EFBC}") = "SportClubAPI", "SportClubWarehouseManagement\Server\SportClubAPI.csproj", "{2E3AFE5A-75A5-4780-975D-241EBD90853B}"
EndProject
Project("{FAE04EC0-301F-11D3-BF4B-00C04F79EFBC}") = "SportClubWMS", "SportClubWarehouseManagement\Client\SportClubWMS.csproj", "{11AA7CAA-5CEC-490B-865B-A9EA27C87D3B}"
EndProject
Project("{FAE04EC0-301F-11D3-BF4B-00C04F79EFBC}") = "SportClubWMS.Shared", "SportClubWarehouseManagement\Shared\SportClubWMS.Shared.csproj", "{85E36D0D-F843-4732-B29F-F71E39B81FFB}"
EndProject
Global
	GlobalSection(SolutionConfigurationPlatforms) = preSolution
		Debug|Any CPU = Debug|Any CPU
		Release|Any CPU = Release|Any CPU
	EndGlobalSection
	GlobalSection(ProjectConfigurationPlatforms) = postSolution
		{2E3AFE5A-75A5-4780-975D-241EBD90853B}.Debug|Any CPU.ActiveCfg = Debug|Any CPU
		{2E3AFE5A-75A5-4780-975D-241EBD90853B}.Debug|Any CPU.Build.0 = Debug|Any CPU
		{2E3AFE5A-75A5-4780-975D-241EBD90853B}.Release|Any CPU.ActiveCfg = Release|Any CPU
		{2E3AFE5A-75A5-4780-975D-241EBD90853B}.Release|Any CPU.Build.0 = Release|Any CPU
		{11AA7CAA-5CEC-490B-865B-A9EA27C87D3B}.Debug|Any CPU.ActiveCfg = Debug|Any CPU
		{11AA7CAA-5CEC-490B-865B-A9EA27C87D3B}.Debug|Any CPU.Build.0 = Debug|Any CPU
		{11AA7CAA-5CEC-490B-865B-A9EA27C87D3B}.Release|Any CPU.ActiveCfg = Release|Any CPU
		{11AA7CAA-5CEC-490B-865B-A9EA27C87D3B}.Release|Any CPU.Build.0 = Release|Any CPU
		{85E36D0D-F843-4732-B29F-F71E39B81FFB}.Debug|Any CPU.ActiveCfg = Debug|Any CPU
		{85E36D0D-F843-4732-B29F-F71E39B81FFB}.Debug|Any CPU.Build.0 = Debug|Any CPU
		{85E36D0D-F843-4732-B29F-F71E39B81FFB}.Release|Any CPU.ActiveCfg = Release|Any CPU
		{85E36D0D-F843-4732-B29F-F71E39B81FFB}.Release|Any CPU.Build.0 = Release|Any CPU
	EndGlobalSection
	GlobalSection(SolutionProperties) = preSolution
		HideSolutionNode = FALSE
	EndGlobalSection
	GlobalSection(ExtensibilityGlobals) = postSolution
		SolutionGuid = {AEC05839-433B-43E4-A6FD-95ED95F9D4E6}
	EndGlobalSection
EndGlobal
